
Microsoft Visual Studio Solution File, Format Version 12.00
# Visual Studio Version 16
VisualStudioVersion = 16.0.32929.386
MinimumVisualStudioVersion = 10.0.40219.1
Project("{FAE04EC0-301F-11D3-BF4B-00C04F79EFBC}") = "Aula_01-10", "Aula_01-10\Aula_01-10.csproj", "{550A31C6-4EBC-493E-B4A5-15B4AE04F079}"
EndProject
Global
	GlobalSection(SolutionConfigurationPlatforms) = preSolution
		Debug|Any CPU = Debug|Any CPU
		Release|Any CPU = Release|Any CPU
	EndGlobalSection
	GlobalSection(ProjectConfigurationPlatforms) = postSolution
		{550A31C6-4EBC-493E-B4A5-15B4AE04F079}.Debug|Any CPU.ActiveCfg = Debug|Any CPU
		{550A31C6-4EBC-493E-B4A5-15B4AE04F079}.Debug|Any CPU.Build.0 = Debug|Any CPU
		{550A31C6-4EBC-493E-B4A5-15B4AE04F079}.Release|Any CPU.ActiveCfg = Release|Any CPU
		{550A31C6-4EBC-493E-B4A5-15B4AE04F079}.Release|Any CPU.Build.0 = Release|Any CPU
	EndGlobalSection
	GlobalSection(SolutionProperties) = preSolution
		HideSolutionNode = FALSE
	EndGlobalSection
	GlobalSection(ExtensibilityGlobals) = postSolution
		SolutionGuid = {FC47070E-E379-4237-9F73-66B1882C742E}
	EndGlobalSection
EndGlobal
